{
  "name": "openconv",
  "lockfileVersion": 3,
  "requires": true,
  "packages": {
    "": {
      "workspaces": [
        "apps/desktop"
      ]
    },
    "apps/desktop": {
      "name": "openconv-desktop",
      "version": "0.1.0"
    },
    "node_modules/openconv-desktop": {
      "resolved": "apps/desktop",
      "link": true
    }
  }
}
